lockfileVersion: '6.0'

settings:
  autoInstallPeers: true
  excludeLinksFromLockfile: false

importers:

  .:
    dependencies:
      '@da/components':
        specifier: workspace:^
        version: link:packages/components
      '@da/theme-chalk':
        specifier: workspace:^
        version: link:packages/theme-chalk
      '@da/utils':
        specifier: workspace:^
        version: link:packages/utils
    devDependencies:
      typescript:
        specifier: ^5.3.3
        version: 5.3.3
      vue:
        specifier: ^3.4.19
        version: 3.4.19(typescript@5.3.3)

  packages/components: {}

  packages/theme-chalk: {}

  packages/utils: {}

packages:

  /@babel/helper-string-parser@7.23.4:
    resolution: {integrity: sha512-803gmbQdqwdf4olxrX4AJyFBV/RTr3rSmOj0rKwesmzlfhYNDEs+/iOcznzpNWlJlIlTJC2QfPFcHB6DlzdVLQ==}
    engines: {node: '>=6.9.0'}
    dev: true

  /@babel/helper-validator-identifier@7.22.20:
    resolution: {integrity: sha512-Y4OZ+ytlatR8AI+8KZfKuL5urKp7qey08ha31L8b3BwewJAoJamTzyvxPR/5D+KkdJCGPq/+8TukHBlY10FX9A==}
    engines: {node: '>=6.9.0'}
    dev: true

  /@babel/parser@7.23.9:
    resolution: {integrity: sha512-9tcKgqKbs3xGJ+NtKF2ndOBBLVwPjl1SHxPQkd36r3Dlirw3xWUeGaTbqr7uGZcTaxkVNwc+03SVP7aCdWrTlA==}
    engines: {node: '>=6.0.0'}
    hasBin: true
    dependencies:
      '@babel/types': 7.23.9
    dev: true

  /@babel/types@7.23.9:
    resolution: {integrity: sha512-dQjSq/7HaSjRM43FFGnv5keM2HsxpmyV1PfaSVm0nzzjwwTmjOe6J4bC8e3+pTEIgHaHj+1ZlLThRJ2auc/w1Q==}
    engines: {node: '>=6.9.0'}
    dependencies:
      '@babel/helper-string-parser': 7.23.4
      '@babel/helper-validator-identifier': 7.22.20
      to-fast-properties: 2.0.0
    dev: true

  /@jridgewell/sourcemap-codec@1.4.15:
    resolution: {integrity: sha512-eF2rxCRulEKXHTRiDrDy6erMYWqNw4LPdQ8UQA4huuxaQsVeRPFl2oM8oDGxMFhJUWZf9McpLtJasDDZb/Bpeg==}
    dev: true

  /@vue/compiler-core@3.4.19:
    resolution: {integrity: sha512-gj81785z0JNzRcU0Mq98E56e4ltO1yf8k5PQ+tV/7YHnbZkrM0fyFyuttnN8ngJZjbpofWE/m4qjKBiLl8Ju4w==}
    dependencies:
      '@babel/parser': 7.23.9
      '@vue/shared': 3.4.19
      entities: 4.5.0
      estree-walker: 2.0.2
      source-map-js: 1.0.2
    dev: true

  /@vue/compiler-dom@3.4.19:
    resolution: {integrity: sha512-vm6+cogWrshjqEHTzIDCp72DKtea8Ry/QVpQRYoyTIg9k7QZDX6D8+HGURjtmatfgM8xgCFtJJaOlCaRYRK3QA==}
    dependencies:
      '@vue/compiler-core': 3.4.19
      '@vue/shared': 3.4.19
    dev: true

  /@vue/compiler-sfc@3.4.19:
    resolution: {integrity: sha512-LQ3U4SN0DlvV0xhr1lUsgLCYlwQfUfetyPxkKYu7dkfvx7g3ojrGAkw0AERLOKYXuAGnqFsEuytkdcComei3Yg==}
    dependencies:
      '@babel/parser': 7.23.9
      '@vue/compiler-core': 3.4.19
      '@vue/compiler-dom': 3.4.19
      '@vue/compiler-ssr': 3.4.19
      '@vue/shared': 3.4.19
      estree-walker: 2.0.2
      magic-string: 0.30.7
      postcss: 8.4.35
      source-map-js: 1.0.2
    dev: true

  /@vue/compiler-ssr@3.4.19:
    resolution: {integrity: sha512-P0PLKC4+u4OMJ8sinba/5Z/iDT84uMRRlrWzadgLA69opCpI1gG4N55qDSC+dedwq2fJtzmGald05LWR5TFfLw==}
    dependencies:
      '@vue/compiler-dom': 3.4.19
      '@vue/shared': 3.4.19
    dev: true

  /@vue/reactivity@3.4.19:
    resolution: {integrity: sha512-+VcwrQvLZgEclGZRHx4O2XhyEEcKaBi50WbxdVItEezUf4fqRh838Ix6amWTdX0CNb/b6t3Gkz3eOebfcSt+UA==}
    dependencies:
      '@vue/shared': 3.4.19
    dev: true

  /@vue/runtime-core@3.4.19:
    resolution: {integrity: sha512-/Z3tFwOrerJB/oyutmJGoYbuoadphDcJAd5jOuJE86THNZji9pYjZroQ2NFsZkTxOq0GJbb+s2kxTYToDiyZzw==}
    dependencies:
      '@vue/reactivity': 3.4.19
      '@vue/shared': 3.4.19
    dev: true

  /@vue/runtime-dom@3.4.19:
    resolution: {integrity: sha512-IyZzIDqfNCF0OyZOauL+F4yzjMPN2rPd8nhqPP2N1lBn3kYqJpPHHru+83Rkvo2lHz5mW+rEeIMEF9qY3PB94g==}
    dependencies:
      '@vue/runtime-core': 3.4.19
      '@vue/shared': 3.4.19
      csstype: 3.1.3
    dev: true

  /@vue/server-renderer@3.4.19(vue@3.4.19):
    resolution: {integrity: sha512-eAj2p0c429RZyyhtMRnttjcSToch+kTWxFPHlzGMkR28ZbF1PDlTcmGmlDxccBuqNd9iOQ7xPRPAGgPVj+YpQw==}
    peerDependencies:
      vue: 3.4.19
    dependencies:
      '@vue/compiler-ssr': 3.4.19
      '@vue/shared': 3.4.19
      vue: 3.4.19(typescript@5.3.3)
    dev: true

  /@vue/shared@3.4.19:
    resolution: {integrity: sha512-/KliRRHMF6LoiThEy+4c1Z4KB/gbPrGjWwJR+crg2otgrf/egKzRaCPvJ51S5oetgsgXLfc4Rm5ZgrKHZrtMSw==}
    dev: true

  /csstype@3.1.3:
    resolution: {integrity: sha512-M1uQkMl8rQK/szD0LNhtqxIPLpimGm8sOBwU7lLnCpSbTyY3yeU1Vc7l4KT5zT4s/yOxHH5O7tIuuLOCnLADRw==}
    dev: true

  /entities@4.5.0:
    resolution: {integrity: sha512-V0hjH4dGPh9Ao5p0MoRY6BVqtwCjhz6vI5LT8AJ55H+4g9/4vbHx1I54fS0XuclLhDHArPQCiMjDxjaL8fPxhw==}
    engines: {node: '>=0.12'}
    dev: true

  /estree-walker@2.0.2:
    resolution: {integrity: sha512-Rfkk/Mp/DL7JVje3u18FxFujQlTNR2q6QfMSMB7AvCBx91NGj/ba3kCfza0f6dVDbw7YlRf/nDrn7pQrCCyQ/w==}
    dev: true

  /magic-string@0.30.7:
    resolution: {integrity: sha512-8vBuFF/I/+OSLRmdf2wwFCJCz+nSn0m6DPvGH1fS/KiQoSaR+sETbov0eIk9KhEKy8CYqIkIAnbohxT/4H0kuA==}
    engines: {node: '>=12'}
    dependencies:
      '@jridgewell/sourcemap-codec': 1.4.15
    dev: true

  /nanoid@3.3.7:
    resolution: {integrity: sha512-eSRppjcPIatRIMC1U6UngP8XFcz8MQWGQdt1MTBQ7NaAmvXDfvNxbvWV3x2y6CdEUciCSsDHDQZbhYaB8QEo2g==}
    engines: {node: ^10 || ^12 || ^13.7 || ^14 || >=15.0.1}
    hasBin: true
    dev: true

  /picocolors@1.0.0:
    resolution: {integrity: sha512-1fygroTLlHu66zi26VoTDv8yRgm0Fccecssto+MhsZ0D/DGW2sm8E8AjW7NU5VVTRt5GxbeZ5qBuJr+HyLYkjQ==}
    dev: true

  /postcss@8.4.35:
    resolution: {integrity: sha512-u5U8qYpBCpN13BsiEB0CbR1Hhh4Gc0zLFuedrHJKMctHCHAGrMdG0PRM/KErzAL3CU6/eckEtmHNB3x6e3c0vA==}
    engines: {node: ^10 || ^12 || >=14}
    dependencies:
      nanoid: 3.3.7
      picocolors: 1.0.0
      source-map-js: 1.0.2
    dev: true

  /source-map-js@1.0.2:
    resolution: {integrity: sha512-R0XvVJ9WusLiqTCEiGCmICCMplcCkIwwR11mOSD9CR5u+IXYdiseeEuXCVAjS54zqwkLcPNnmU4OeJ6tUrWhDw==}
    engines: {node: '>=0.10.0'}
    dev: true

  /to-fast-properties@2.0.0:
    resolution: {integrity: sha512-/OaKK0xYrs3DmxRYqL/yDc+FxFUVYhDlXMhRmv3z915w2HF1tnN1omB354j8VUGO/hbRzyD6Y3sA7v7GS/ceog==}
    engines: {node: '>=4'}
    dev: true

  /typescript@5.3.3:
    resolution: {integrity: sha512-pXWcraxM0uxAS+tN0AG/BF2TyqmHO014Z070UsJ+pFvYuRSq8KH8DmWpnbXe0pEPDHXZV3FcAbJkijJ5oNEnWw==}
    engines: {node: '>=14.17'}
    hasBin: true
    dev: true

  /vue@3.4.19(typescript@5.3.3):
    resolution: {integrity: sha512-W/7Fc9KUkajFU8dBeDluM4sRGc/aa4YJnOYck8dkjgZoXtVsn3OeTGni66FV1l3+nvPA7VBFYtPioaGKUmEADw==}
    peerDependencies:
      typescript: '*'
    peerDependenciesMeta:
      typescript:
        optional: true
    dependencies:
      '@vue/compiler-dom': 3.4.19
      '@vue/compiler-sfc': 3.4.19
      '@vue/runtime-dom': 3.4.19
      '@vue/server-renderer': 3.4.19(vue@3.4.19)
      '@vue/shared': 3.4.19
      typescript: 5.3.3
    dev: true
